// !$*UTF8*$!
{
	archiveVersion = 1;
	classes = {
	};
	objectVersion = 77;
	objects = {

/* Begin PBXBuildFile section */
		62847FE52EF17A4E006537CC /* WidgetKit.framework in Frameworks */ = {isa = PBXBuildFile; fileRef = 62847FE42EF17A4D006537CC /* WidgetKit.framework */; };
		62847FE72EF17A4E006537CC /* SwiftUI.framework in Frameworks */ = {isa = PBXBuildFile; fileRef = 62847FE62EF17A4E006537CC /* SwiftUI.framework */; };
		62847FF62EF17A4F006537CC /* RouteWeatherWidgetExtension.appex in Embed Foundation Extensions */ = {isa = PBXBuildFile; fileRef = 62847FE22EF17A4D006537CC /* RouteWeatherWidgetExtension.appex */; settings = {ATTRIBUTES = (RemoveHeadersOnCopy, ); }; };
/* End PBXBuildFile section */

/* Begin PBXContainerItemProxy section */
		621266832EF0BD630054C77D /* PBXContainerItemProxy */ = {
			isa = PBXContainerItemProxy;
			containerPortal = 6212666D2EF0BD610054C77D /* Project object */;
			proxyType = 1;
			remoteGlobalIDString = 621266742EF0BD610054C77D;
			remoteInfo = WeatherKitDemo;
		};
		6212668D2EF0BD630054C77D /* PBXContainerItemProxy */ = {
			isa = PBXContainerItemProxy;
			containerPortal = 6212666D2EF0BD610054C77D /* Project object */;
			proxyType = 1;
			remoteGlobalIDString = 621266742EF0BD610054C77D;
			remoteInfo = WeatherKitDemo;
		};
		62847FF42EF17A4F006537CC /* PBXContainerItemProxy */ = {
			isa = PBXContainerItemProxy;
			containerPortal = 6212666D2EF0BD610054C77D /* Project object */;
			proxyType = 1;
			remoteGlobalIDString = 62847FE12EF17A4D006537CC;
			remoteInfo = RouteWeatherWidgetExtension;
		};
/* End PBXContainerItemProxy section */

/* Begin PBXCopyFilesBuildPhase section */
		62847FF72EF17A4F006537CC /* Embed Foundation Extensions */ = {
			isa = PBXCopyFilesBuildPhase;
			buildActionMask = 2147483647;
			dstPath = "";
			dstSubfolderSpec = 13;
			files = (
				62847FF62EF17A4F006537CC /* RouteWeatherWidgetExtension.appex in Embed Foundation Extensions */,
			);
			name = "Embed Foundation Extensions";
			runOnlyForDeploymentPostprocessing = 0;
		};
/* End PBXCopyFilesBuildPhase section */

/* Begin PBXFileReference section */
		621266752EF0BD610054C77D /* WeatherKitDemo.app */ = {isa = PBXFileReference; explicitFileType = wrapper.application; includeInIndex = 0; path = WeatherKitDemo.app; sourceTree = BUILT_PRODUCTS_DIR; };
		621266822EF0BD630054C77D /* WeatherKitDemoTests.xctest */ = {isa = PBXFileReference; explicitFileType = wrapper.cfbundle; includeInIndex = 0; path = WeatherKitDemoTests.xctest; sourceTree = BUILT_PRODUCTS_DIR; };
		6212668C2EF0BD630054C77D /* WeatherKitDemoUITests.xctest */ = {isa = PBXFileReference; explicitFileType = wrapper.cfbundle; includeInIndex = 0; path = WeatherKitDemoUITests.xctest; sourceTree = BUILT_PRODUCTS_DIR; };
		62847FE22EF17A4D006537CC /* RouteWeatherWidgetExtension.appex */ = {isa = PBXFileReference; explicitFileType = "wrapper.app-extension"; includeInIndex = 0; path = RouteWeatherWidgetExtension.appex; sourceTree = BUILT_PRODUCTS_DIR; };
		62847FE42EF17A4D006537CC /* WidgetKit.framework */ = {isa = PBXFileReference; lastKnownFileType = wrapper.framework; name = WidgetKit.framework; path = System/Library/Frameworks/WidgetKit.framework; sourceTree = SDKROOT; };
		62847FE62EF17A4E006537CC /* SwiftUI.framework */ = {isa = PBXFileReference; lastKnownFileType = wrapper.framework; name = SwiftUI.framework; path = System/Library/Frameworks/SwiftUI.framework; sourceTree = SDKROOT; };
		628480032EF17A82006537CC /* RouteWeatherWidgetExtension.entitlements */ = {isa = PBXFileReference; lastKnownFileType = text.plist.entitlements; path = RouteWeatherWidgetExtension.entitlements; sourceTree = "<group>"; };
/* End PBXFileReference section */

/* Begin PBXFileSystemSynchronizedBuildFileExceptionSet section */
		62847FFA2EF17A4F006537CC /* Exceptions for "RouteWeatherWidget" folder in "RouteWeatherWidgetExtension" target */ = {
			isa = PBXFileSystemSynchronizedBuildFileExceptionSet;
			membershipExceptions = (
				Info.plist,
			);
			target = 62847FE12EF17A4D006537CC /* RouteWeatherWidgetExtension */;
		};
		628480052EF17D37006537CC /* Exceptions for "WeatherKitDemo" folder in "RouteWeatherWidgetExtension" target */ = {
			isa = PBXFileSystemSynchronizedBuildFileExceptionSet;
			membershipExceptions = (
				FlightRoute.swift,
				RouteSnapshot.swift,
			);
			target = 62847FE12EF17A4D006537CC /* RouteWeatherWidgetExtension */;
		};
/* End PBXFileSystemSynchronizedBuildFileExceptionSet section */

/* Begin PBXFileSystemSynchronizedRootGroup section */
		621266772EF0BD610054C77D /* WeatherKitDemo */ = {
			isa = PBXFileSystemSynchronizedRootGroup;
			exceptions = (
				628480052EF17D37006537CC /* Exceptions for "WeatherKitDemo" folder in "RouteWeatherWidgetExtension" target */,
			);
			path = WeatherKitDemo;
			sourceTree = "<group>";
		};
		621266852EF0BD630054C77D /* WeatherKitDemoTests */ = {
			isa = PBXFileSystemSynchronizedRootGroup;
			path = WeatherKitDemoTests;
			sourceTree = "<group>";
		};
		6212668F2EF0BD630054C77D /* WeatherKitDemoUITests */ = {
			isa = PBXFileSystemSynchronizedRootGroup;
			path = WeatherKitDemoUITests;
			sourceTree = "<group>";
		};
		62847FE82EF17A4E006537CC /* RouteWeatherWidget */ = {
			isa = PBXFileSystemSynchronizedRootGroup;
			exceptions = (
				62847FFA2EF17A4F006537CC /* Exceptions for "RouteWeatherWidget" folder in "RouteWeatherWidgetExtension" target */,
			);
			path = RouteWeatherWidget;
			sourceTree = "<group>";
		};
/* End PBXFileSystemSynchronizedRootGroup section */

/* Begin PBXFrameworksBuildPhase section */
		621266722EF0BD610054C77D /* Frameworks */ = {
			isa = PBXFrameworksBuildPhase;
			buildActionMask = 2147483647;
			files = (
			);
			runOnlyForDeploymentPostprocessing = 0;
		};
		6212667F2EF0BD630054C77D /* Frameworks */ = {
			isa = PBXFrameworksBuildPhase;
			buildActionMask = 2147483647;
			files = (
			);
			runOnlyForDeploymentPostprocessing = 0;
		};
		621266892EF0BD630054C77D /* Frameworks */ = {
			isa = PBXFrameworksBuildPhase;
			buildActionMask = 2147483647;
			files = (
			);
			runOnlyForDeploymentPostprocessing = 0;
		};
		62847FDF2EF17A4D006537CC /* Frameworks */ = {
			isa = PBXFrameworksBuildPhase;
			buildActionMask = 2147483647;
			files = (
				62847FE72EF17A4E006537CC /* SwiftUI.framework in Frameworks */,
				62847FE52EF17A4E006537CC /* WidgetKit.framework in Frameworks */,
			);
			runOnlyForDeploymentPostprocessing = 0;
		};
/* End PBXFrameworksBuildPhase section */

/* Begin PBXGroup section */
		6212666C2EF0BD610054C77D = {
			isa = PBXGroup;
			children = (
				628480032EF17A82006537CC /* RouteWeatherWidgetExtension.entitlements */,
				621266772EF0BD610054C77D /* WeatherKitDemo */,
				621266852EF0BD630054C77D /* WeatherKitDemoTests */,
				6212668F2EF0BD630054C77D /* WeatherKitDemoUITests */,
				62847FE82EF17A4E006537CC /* RouteWeatherWidget */,
				62847FE32EF17A4D006537CC /* Frameworks */,
				621266762EF0BD610054C77D /* Products */,
			);
			sourceTree = "<group>";
		};
		621266762EF0BD610054C77D /* Products */ = {
			isa = PBXGroup;
			children = (
				621266752EF0BD610054C77D /* WeatherKitDemo.app */,
				621266822EF0BD630054C77D /* WeatherKitDemoTests.xctest */,
				6212668C2EF0BD630054C77D /* WeatherKitDemoUITests.xctest */,
				62847FE22EF17A4D006537CC /* RouteWeatherWidgetExtension.appex */,
			);
			name = Products;
			sourceTree = "<group>";
		};
		62847FE32EF17A4D006537CC /* Frameworks */ = {
			isa = PBXGroup;
			children = (
				62847FE42EF17A4D006537CC /* WidgetKit.framework */,
				62847FE62EF17A4E006537CC /* SwiftUI.framework */,
			);
			name = Frameworks;
			sourceTree = "<group>";
		};
/* End PBXGroup section */

/* Begin PBXNativeTarget section */
		621266742EF0BD610054C77D /* WeatherKitDemo */ = {
			isa = PBXNativeTarget;
			buildConfigurationList = 621266962EF0BD630054C77D /* Build configuration list for PBXNativeTarget "WeatherKitDemo" */;
			buildPhases = (
				621266712EF0BD610054C77D /* Sources */,
				621266722EF0BD610054C77D /* Frameworks */,
				621266732EF0BD610054C77D /* Resources */,
				62847FF72EF17A4F006537CC /* Embed Foundation Extensions */,
			);
			buildRules = (
			);
			dependencies = (
				62847FF52EF17A4F006537CC /* PBXTargetDependency */,
			);
			fileSystemSynchronizedGroups = (
				621266772EF0BD610054C77D /* WeatherKitDemo */,
			);
			name = WeatherKitDemo;
			packageProductDependencies = (
			);
			productName = WeatherKitDemo;
			productReference = 621266752EF0BD610054C77D /* WeatherKitDemo.app */;
			productType = "com.apple.product-type.application";
		};
		621266812EF0BD630054C77D /* WeatherKitDemoTests */ = {
			isa = PBXNativeTarget;
			buildConfigurationList = 621266992EF0BD630054C77D /* Build configuration list for PBXNativeTarget "WeatherKitDemoTests" */;
			buildPhases = (
				6212667E2EF0BD630054C77D /* Sources */,
				6212667F2EF0BD630054C77D /* Frameworks */,
				621266802EF0BD630054C77D /* Resources */,
			);
			buildRules = (
			);
			dependencies = (
				621266842EF0BD630054C77D /* PBXTargetDependency */,
			);
			fileSystemSynchronizedGroups = (
				621266852EF0BD630054C77D /* WeatherKitDemoTests */,
			);
			name = WeatherKitDemoTests;
			packageProductDependencies = (
			);
			productName = WeatherKitDemoTests;
			productReference = 621266822EF0BD630054C77D /* WeatherKitDemoTests.xctest */;
			productType = "com.apple.product-type.bundle.unit-test";
		};
		6212668B2EF0BD630054C77D /* WeatherKitDemoUITests */ = {
			isa = PBXNativeTarget;
			buildConfigurationList = 6212669C2EF0BD630054C77D /* Build configuration list for PBXNativeTarget "WeatherKitDemoUITests" */;
			buildPhases = (
				621266882EF0BD630054C77D /* Sources */,
				621266892EF0BD630054C77D /* Frameworks */,
				6212668A2EF0BD630054C77D /* Resources */,
			);
			buildRules = (
			);
			dependencies = (
				6212668E2EF0BD630054C77D /* PBXTargetDependency */,
			);
			fileSystemSynchronizedGroups = (
				6212668F2EF0BD630054C77D /* WeatherKitDemoUITests */,
			);
			name = WeatherKitDemoUITests;
			packageProductDependencies = (
			);
			productName = WeatherKitDemoUITests;
			productReference = 6212668C2EF0BD630054C77D /* WeatherKitDemoUITests.xctest */;
			productType = "com.apple.product-type.bundle.ui-testing";
		};
		62847FE12EF17A4D006537CC /* RouteWeatherWidgetExtension */ = {
			isa = PBXNativeTarget;
			buildConfigurationList = 62847FFB2EF17A4F006537CC /* Build configuration list for PBXNativeTarget "RouteWeatherWidgetExtension" */;
			buildPhases = (
				62847FDE2EF17A4D006537CC /* Sources */,
				62847FDF2EF17A4D006537CC /* Frameworks */,
				62847FE02EF17A4D006537CC /* Resources */,
			);
			buildRules = (
			);
			dependencies = (
			);
			fileSystemSynchronizedGroups = (
				62847FE82EF17A4E006537CC /* RouteWeatherWidget */,
			);
			name = RouteWeatherWidgetExtension;
			packageProductDependencies = (
			);
			productName = RouteWeatherWidgetExtension;
			productReference = 62847FE22EF17A4D006537CC /* RouteWeatherWidgetExtension.appex */;
			productType = "com.apple.product-type.app-extension";
		};
/* End PBXNativeTarget section */

/* Begin PBXProject section */
		6212666D2EF0BD610054C77D /* Project object */ = {
			isa = PBXProject;
			attributes = {
				BuildIndependentTargetsInParallel = 1;
				LastSwiftUpdateCheck = 2620;
				LastUpgradeCheck = 2620;
				TargetAttributes = {
					621266742EF0BD610054C77D = {
						CreatedOnToolsVersion = 26.2;
					};
					621266812EF0BD630054C77D = {
						CreatedOnToolsVersion = 26.2;
						TestTargetID = 621266742EF0BD610054C77D;
					};
					6212668B2EF0BD630054C77D = {
						CreatedOnToolsVersion = 26.2;
						TestTargetID = 621266742EF0BD610054C77D;
					};
					62847FE12EF17A4D006537CC = {
						CreatedOnToolsVersion = 26.2;
					};
				};
			};
			buildConfigurationList = 621266702EF0BD610054C77D /* Build configuration list for PBXProject "WeatherKitDemo" */;
			developmentRegion = en;
			hasScannedForEncodings = 0;
			knownRegions = (
				en,
				Base,
			);
			mainGroup = 6212666C2EF0BD610054C77D;
			minimizedProjectReferenceProxies = 1;
			preferredProjectObjectVersion = 77;
			productRefGroup = 621266762EF0BD610054C77D /* Products */;
			projectDirPath = "";
			projectRoot = "";
			targets = (
				621266742EF0BD610054C77D /* WeatherKitDemo */,
				621266812EF0BD630054C77D /* WeatherKitDemoTests */,
				6212668B2EF0BD630054C77D /* WeatherKitDemoUITests */,
				62847FE12EF17A4D006537CC /* RouteWeatherWidgetExtension */,
			);
		};
/* End PBXProject section */

/* Begin PBXResourcesBuildPhase section */
		621266732EF0BD610054C77D /* Resources */ = {
			isa = PBXResourcesBuildPhase;
			buildActionMask = 2147483647;
			files = (
			);
			runOnlyForDeploymentPostprocessing = 0;
		};
		621266802EF0BD630054C77D /* Resources */ = {
			isa = PBXResourcesBuildPhase;
			buildActionMask = 2147483647;
			files = (
			);
			runOnlyForDeploymentPostprocessing = 0;
		};
		6212668A2EF0BD630054C77D /* Resources */ = {
			isa = PBXResourcesBuildPhase;
			buildActionMask = 2147483647;
			files = (
			);
			runOnlyForDeploymentPostprocessing = 0;
		};
		62847FE02EF17A4D006537CC /* Resources */ = {
			isa = PBXResourcesBuildPhase;
			buildActionMask = 2147483647;
			files = (
			);
			runOnlyForDeploymentPostprocessing = 0;
		};
/* End PBXResourcesBuildPhase section */

/* Begin PBXSourcesBuildPhase section */
		621266712EF0BD610054C77D /* Sources */ = {
			isa = PBXSourcesBuildPhase;
			buildActionMask = 2147483647;
			files = (
			);
			runOnlyForDeploymentPostprocessing = 0;
		};
		6212667E2EF0BD630054C77D /* Sources */ = {
			isa = PBXSourcesBuildPhase;
			buildActionMask = 2147483647;
			files = (
			);
			runOnlyForDeploymentPostprocessing = 0;
		};
		621266882EF0BD630054C77D /* Sources */ = {
			isa = PBXSourcesBuildPhase;
			buildActionMask = 2147483647;
			files = (
			);
			runOnlyForDeploymentPostprocessing = 0;
		};
		62847FDE2EF17A4D006537CC /* Sources */ = {
			isa = PBXSourcesBuildPhase;
			buildActionMask = 2147483647;
			files = (
			);
			runOnlyForDeploymentPostprocessing = 0;
		};
/* End PBXSourcesBuildPhase section */

/* Begin PBXTargetDependency section */
		621266842EF0BD630054C77D /* PBXTargetDependency */ = {
			isa = PBXTargetDependency;
			target = 621266742EF0BD610054C77D /* WeatherKitDemo */;
			targetProxy = 621266832EF0BD630054C77D /* PBXContainerItemProxy */;
		};
		6212668E2EF0BD630054C77D /* PBXTargetDependency */ = {
			isa = PBXTargetDependency;
			target = 621266742EF0BD610054C77D /* WeatherKitDemo */;
			targetProxy = 6212668D2EF0BD630054C77D /* PBXContainerItemProxy */;
		};
		62847FF52EF17A4F006537CC /* PBXTargetDependency */ = {
			isa = PBXTargetDependency;
			target = 62847FE12EF17A4D006537CC /* RouteWeatherWidgetExtension */;
			targetProxy = 62847FF42EF17A4F006537CC /* PBXContainerItemProxy */;
		};
/* End PBXTargetDependency section */

/* Begin XCBuildConfiguration section */
		621266942EF0BD630054C77D /* Debug */ = {
			isa = XCBuildConfiguration;
			buildSettings = {
				ALWAYS_SEARCH_USER_PATHS = NO;
				ASSETCATALOG_COMPILER_GENERATE_SWIFT_ASSET_SYMBOL_EXTENSIONS = YES;
				CLANG_ANALYZER_NONNULL = YES;
				CLANG_ANALYZER_NUMBER_OBJECT_CONVERSION = YES_AGGRESSIVE;
				CLANG_CXX_LANGUAGE_STANDARD = "gnu++20";
				CLANG_ENABLE_MODULES = YES;
				CLANG_ENABLE_OBJC_ARC = YES;
				CLANG_ENABLE_OBJC_WEAK = YES;
				CLANG_WARN_BLOCK_CAPTURE_AUTORELEASING = YES;
				CLANG_WARN_BOOL_CONVERSION = YES;
				CLANG_WARN_COMMA = YES;
				CLANG_WARN_CONSTANT_CONVERSION = YES;
				CLANG_WARN_DEPRECATED_OBJC_IMPLEMENTATIONS = YES;
				CLANG_WARN_DIRECT_OBJC_ISA_USAGE = YES_ERROR;
				CLANG_WARN_DOCUMENTATION_COMMENTS = YES;
				CLANG_WARN_EMPTY_BODY = YES;
				CLANG_WARN_ENUM_CONVERSION = YES;
				CLANG_WARN_INFINITE_RECURSION = YES;
				CLANG_WARN_INT_CONVERSION = YES;
				CLANG_WARN_NON_LITERAL_NULL_CONVERSION = YES;
				CLANG_WARN_OBJC_IMPLICIT_RETAIN_SELF = YES;
				CLANG_WARN_OBJC_LITERAL_CONVERSION = YES;
				CLANG_WARN_OBJC_ROOT_CLASS = YES_ERROR;
				CLANG_WARN_QUOTED_INCLUDE_IN_FRAMEWORK_HEADER = YES;
				CLANG_WARN_RANGE_LOOP_ANALYSIS = YES;
				CLANG_WARN_STRICT_PROTOTYPES = YES;
				CLANG_WARN_SUSPICIOUS_MOVE = YES;
				CLANG_WARN_UNGUARDED_AVAILABILITY = YES_AGGRESSIVE;
				CLANG_WARN_UNREACHABLE_CODE = YES;
				CLANG_WARN__DUPLICATE_METHOD_MATCH = YES;
				COPY_PHASE_STRIP = NO;
				DEBUG_INFORMATION_FORMAT = dwarf;
				DEVELOPMENT_TEAM = PVKFJ5KXUY;
				ENABLE_STRICT_OBJC_MSGSEND = YES;
				ENABLE_TESTABILITY = YES;
				ENABLE_USER_SCRIPT_SANDBOXING = YES;
				GCC_C_LANGUAGE_STANDARD = gnu17;
				GCC_DYNAMIC_NO_PIC = NO;
				GCC_NO_COMMON_BLOCKS = YES;
				GCC_OPTIMIZATION_LEVEL = 0;
				GCC_PREPROCESSOR_DEFINITIONS = (
					"DEBUG=1",
					"$(inherited)",
				);
				GCC_WARN_64_TO_32_BIT_CONVERSION = YES;
				GCC_WARN_ABOUT_RETURN_TYPE = YES_ERROR;
				GCC_WARN_UNDECLARED_SELECTOR = YES;
				GCC_WARN_UNINITIALIZED_AUTOS = YES_AGGRESSIVE;
				GCC_WARN_UNUSED_FUNCTION = YES;
				GCC_WARN_UNUSED_VARIABLE = YES;
				IPHONEOS_DEPLOYMENT_TARGET = 26.2;
				LOCALIZATION_PREFERS_STRING_CATALOGS = YES;
				MTL_ENABLE_DEBUG_INFO = INCLUDE_SOURCE;
				MTL_FAST_MATH = YES;
				ONLY_ACTIVE_ARCH = YES;
				SDKROOT = iphoneos;
				SWIFT_ACTIVE_COMPILATION_CONDITIONS = "DEBUG $(inherited)";
				SWIFT_OPTIMIZATION_LEVEL = "-Onone";
			};
			name = Debug;
		};
		621266952EF0BD630054C77D /* Release */ = {
			isa = XCBuildConfiguration;
			buildSettings = {
				ALWAYS_SEARCH_USER_PATHS = NO;
				ASSETCATALOG_COMPILER_GENERATE_SWIFT_ASSET_SYMBOL_EXTENSIONS = YES;
				CLANG_ANALYZER_NONNULL = YES;
				CLANG_ANALYZER_NUMBER_OBJECT_CONVERSION = YES_AGGRESSIVE;
				CLANG_CXX_LANGUAGE_STANDARD = "gnu++20";
				CLANG_ENABLE_MODULES = YES;
				CLANG_ENABLE_OBJC_ARC = YES;
				CLANG_ENABLE_OBJC_WEAK = YES;
				CLANG_WARN_BLOCK_CAPTURE_AUTORELEASING = YES;
				CLANG_WARN_BOOL_CONVERSION = YES;
				CLANG_WARN_COMMA = YES;
				CLANG_WARN_CONSTANT_CONVERSION = YES;
				CLANG_WARN_DEPRECATED_OBJC_IMPLEMENTATIONS = YES;
				CLANG_WARN_DIRECT_OBJC_ISA_USAGE = YES_ERROR;
				CLANG_WARN_DOCUMENTATION_COMMENTS = YES;
				CLANG_WARN_EMPTY_BODY = YES;
				CLANG_WARN_ENUM_CONVERSION = YES;
				CLANG_WARN_INFINITE_RECURSION = YES;
				CLANG_WARN_INT_CONVERSION = YES;
				CLANG_WARN_NON_LITERAL_NULL_CONVERSION = YES;
				CLANG_WARN_OBJC_IMPLICIT_RETAIN_SELF = YES;
				CLANG_WARN_OBJC_LITERAL_CONVERSION = YES;
				CLANG_WARN_OBJC_ROOT_CLASS = YES_ERROR;
				CLANG_WARN_QUOTED_INCLUDE_IN_FRAMEWORK_HEADER = YES;
				CLANG_WARN_RANGE_LOOP_ANALYSIS = YES;
				CLANG_WARN_STRICT_PROTOTYPES = YES;
				CLANG_WARN_SUSPICIOUS_MOVE = YES;
				CLANG_WARN_UNGUARDED_AVAILABILITY = YES_AGGRESSIVE;
				CLANG_WARN_UNREACHABLE_CODE = YES;
				CLANG_WARN__DUPLICATE_METHOD_MATCH = YES;
				COPY_PHASE_STRIP = NO;
				DEBUG_INFORMATION_FORMAT = "dwarf-with-dsym";
				DEVELOPMENT_TEAM = PVKFJ5KXUY;
				ENABLE_NS_ASSERTIONS = NO;
				ENABLE_STRICT_OBJC_MSGSEND = YES;
				ENABLE_USER_SCRIPT_SANDBOXING = YES;
				GCC_C_LANGUAGE_STANDARD = gnu17;
				GCC_NO_COMMON_BLOCKS = YES;
				GCC_WARN_64_TO_32_BIT_CONVERSION = YES;
				GCC_WARN_ABOUT_RETURN_TYPE = YES_ERROR;
				GCC_WARN_UNDECLARED_SELECTOR = YES;
				GCC_WARN_UNINITIALIZED_AUTOS = YES_AGGRESSIVE;
				GCC_WARN_UNUSED_FUNCTION = YES;
				GCC_WARN_UNUSED_VARIABLE = YES;
				IPHONEOS_DEPLOYMENT_TARGET = 26.2;
				LOCALIZATION_PREFERS_STRING_CATALOGS = YES;
				MTL_ENABLE_DEBUG_INFO = NO;
				MTL_FAST_MATH = YES;
				SDKROOT = iphoneos;
				SWIFT_COMPILATION_MODE = wholemodule;
				VALIDATE_PRODUCT = YES;
			};
			name = Release;
		};
		621266972EF0BD630054C77D /* Debug */ = {
			isa = XCBuildConfiguration;
			buildSettings = {
				ASSETCATALOG_COMPILER_APPICON_NAME = AppIcon;
				ASSETCATALOG_COMPILER_GLOBAL_ACCENT_COLOR_NAME = AccentColor;
				CODE_SIGN_ENTITLEMENTS = WeatherKitDemo/WeatherKitDemo.entitlements;
				CODE_SIGN_IDENTITY = "Apple Development";
				CODE_SIGN_STYLE = Automatic;
				CURRENT_PROJECT_VERSION = 1;
				DEVELOPMENT_TEAM = PVKFJ5KXUY;
				ENABLE_PREVIEWS = YES;
				GENERATE_INFOPLIST_FILE = YES;
				INFOPLIST_KEY_UIApplicationSceneManifest_Generation = YES;
				INFOPLIST_KEY_UIApplicationSupportsIndirectInputEvents = YES;
				INFOPLIST_KEY_UILaunchScreen_Generation = YES;
				INFOPLIST_KEY_UISupportedInterfaceOrientations_iPad = "UIInterfaceOrientationPortrait UIInterfaceOrientationPortraitUpsideDown UIInterfaceOrientationLandscapeLeft UIInterfaceOrientationLandscapeRight";
				INFOPLIST_KEY_UISupportedInterfaceOrientations_iPhone = "UIInterfaceOrientationPortrait UIInterfaceOrientationLandscapeLeft UIInterfaceOrientationLandscapeRight";
				LD_RUNPATH_SEARCH_PATHS = (
					"$(inherited)",
					"@executable_path/Frameworks",
				);
				MARKETING_VERSION = 1.0;
				PRODUCT_BUNDLE_IDENTIFIER = net.insoc.WeatherKitDemo;
				PRODUCT_NAME = "$(TARGET_NAME)";
				PROVISIONING_PROFILE_SPECIFIER = "";
				STRING_CATALOG_GENERATE_SYMBOLS = YES;
				SWIFT_APPROACHABLE_CONCURRENCY = YES;
				SWIFT_DEFAULT_ACTOR_ISOLATION = MainActor;
				SWIFT_EMIT_LOC_STRINGS = YES;
				SWIFT_UPCOMING_FEATURE_MEMBER_IMPORT_VISIBILITY = YES;
				SWIFT_VERSION = 5.0;
				TARGETED_DEVICE_FAMILY = "1,2";
			};
			name = Debug;
		};
		621266982EF0BD630054C77D /* Release */ = {
			isa = XCBuildConfiguration;
			buildSettings = {
				ASSETCATALOG_COMPILER_APPICON_NAME = AppIcon;
				ASSETCATALOG_COMPILER_GLOBAL_ACCENT_COLOR_NAME = AccentColor;
				CODE_SIGN_ENTITLEMENTS = WeatherKitDemo/WeatherKitDemo.entitlements;
				CODE_SIGN_IDENTITY = "Apple Development";
				CODE_SIGN_STYLE = Automatic;
				CURRENT_PROJECT_VERSION = 1;
				DEVELOPMENT_TEAM = PVKFJ5KXUY;
				ENABLE_PREVIEWS = YES;
				GENERATE_INFOPLIST_FILE = YES;
				INFOPLIST_KEY_UIApplicationSceneManifest_Generation = YES;
				INFOPLIST_KEY_UIApplicationSupportsIndirectInputEvents = YES;
				INFOPLIST_KEY_UILaunchScreen_Generation = YES;
				INFOPLIST_KEY_UISupportedInterfaceOrientations_iPad = "UIInterfaceOrientationPortrait UIInterfaceOrientationPortraitUpsideDown UIInterfaceOrientationLandscapeLeft UIInterfaceOrientationLandscapeRight";
				INFOPLIST_KEY_UISupportedInterfaceOrientations_iPhone = "UIInterfaceOrientationPortrait UIInterfaceOrientationLandscapeLeft UIInterfaceOrientationLandscapeRight";
				LD_RUNPATH_SEARCH_PATHS = (
					"$(inherited)",
					"@executable_path/Frameworks",
				);
				MARKETING_VERSION = 1.0;
				PRODUCT_BUNDLE_IDENTIFIER = net.insoc.WeatherKitDemo;
				PRODUCT_NAME = "$(TARGET_NAME)";
				PROVISIONING_PROFILE_SPECIFIER = "";
				STRING_CATALOG_GENERATE_SYMBOLS = YES;
				SWIFT_APPROACHABLE_CONCURRENCY = YES;
				SWIFT_DEFAULT_ACTOR_ISOLATION = MainActor;
				SWIFT_EMIT_LOC_STRINGS = YES;
				SWIFT_UPCOMING_FEATURE_MEMBER_IMPORT_VISIBILITY = YES;
				SWIFT_VERSION = 5.0;
				TARGETED_DEVICE_FAMILY = "1,2";
			};
			name = Release;
		};
		6212669A2EF0BD630054C77D /* Debug */ = {
			isa = XCBuildConfiguration;
			buildSettings = {
				BUNDLE_LOADER = "$(TEST_HOST)";
				CODE_SIGN_STYLE = Automatic;
				CURRENT_PROJECT_VERSION = 1;
				DEVELOPMENT_TEAM = PVKFJ5KXUY;
				GENERATE_INFOPLIST_FILE = YES;
				IPHONEOS_DEPLOYMENT_TARGET = 26.2;
				MARKETING_VERSION = 1.0;
				PRODUCT_BUNDLE_IDENTIFIER = net.insoc.WeatherKitDemoTests;
				PRODUCT_NAME = "$(TARGET_NAME)";
				STRING_CATALOG_GENERATE_SYMBOLS = NO;
				SWIFT_APPROACHABLE_CONCURRENCY = YES;
				SWIFT_EMIT_LOC_STRINGS = NO;
				SWIFT_UPCOMING_FEATURE_MEMBER_IMPORT_VISIBILITY = YES;
				SWIFT_VERSION = 5.0;
				TARGETED_DEVICE_FAMILY = "1,2";
				TEST_HOST = "$(BUILT_PRODUCTS_DIR)/WeatherKitDemo.app/$(BUNDLE_EXECUTABLE_FOLDER_PATH)/WeatherKitDemo";
			};
			name = Debug;
		};
		6212669B2EF0BD630054C77D /* Release */ = {
			isa = XCBuildConfiguration;
			buildSettings = {
				BUNDLE_LOADER = "$(TEST_HOST)";
				CODE_SIGN_STYLE = Automatic;
				CURRENT_PROJECT_VERSION = 1;
				DEVELOPMENT_TEAM = PVKFJ5KXUY;
				GENERATE_INFOPLIST_FILE = YES;
				IPHONEOS_DEPLOYMENT_TARGET = 26.2;
				MARKETING_VERSION = 1.0;
				PRODUCT_BUNDLE_IDENTIFIER = net.insoc.WeatherKitDemoTests;
				PRODUCT_NAME = "$(TARGET_NAME)";
				STRING_CATALOG_GENERATE_SYMBOLS = NO;
				SWIFT_APPROACHABLE_CONCURRENCY = YES;
				SWIFT_EMIT_LOC_STRINGS = NO;
				SWIFT_UPCOMING_FEATURE_MEMBER_IMPORT_VISIBILITY = YES;
				SWIFT_VERSION = 5.0;
				TARGETED_DEVICE_FAMILY = "1,2";
				TEST_HOST = "$(BUILT_PRODUCTS_DIR)/WeatherKitDemo.app/$(BUNDLE_EXECUTABLE_FOLDER_PATH)/WeatherKitDemo";
			};
			name = Release;
		};
		6212669D2EF0BD630054C77D /* Debug */ = {
			isa = XCBuildConfiguration;
			buildSettings = {
				CODE_SIGN_STYLE = Automatic;
				CURRENT_PROJECT_VERSION = 1;
				DEVELOPMENT_TEAM = PVKFJ5KXUY;
				GENERATE_INFOPLIST_FILE = YES;
				MARKETING_VERSION = 1.0;
				PRODUCT_BUNDLE_IDENTIFIER = net.insoc.WeatherKitDemoUITests;
				PRODUCT_NAME = "$(TARGET_NAME)";
				STRING_CATALOG_GENERATE_SYMBOLS = NO;
				SWIFT_APPROACHABLE_CONCURRENCY = YES;
				SWIFT_EMIT_LOC_STRINGS = NO;
				SWIFT_UPCOMING_FEATURE_MEMBER_IMPORT_VISIBILITY = YES;
				SWIFT_VERSION = 5.0;
				TARGETED_DEVICE_FAMILY = "1,2";
				TEST_TARGET_NAME = WeatherKitDemo;
			};
			name = Debug;
		};
		6212669E2EF0BD630054C77D /* Release */ = {
			isa = XCBuildConfiguration;
			buildSettings = {
				CODE_SIGN_STYLE = Automatic;
				CURRENT_PROJECT_VERSION = 1;
				DEVELOPMENT_TEAM = PVKFJ5KXUY;
				GENERATE_INFOPLIST_FILE = YES;
				MARKETING_VERSION = 1.0;
				PRODUCT_BUNDLE_IDENTIFIER = net.insoc.WeatherKitDemoUITests;
				PRODUCT_NAME = "$(TARGET_NAME)";
				STRING_CATALOG_GENERATE_SYMBOLS = NO;
				SWIFT_APPROACHABLE_CONCURRENCY = YES;
				SWIFT_EMIT_LOC_STRINGS = NO;
				SWIFT_UPCOMING_FEATURE_MEMBER_IMPORT_VISIBILITY = YES;
				SWIFT_VERSION = 5.0;
				TARGETED_DEVICE_FAMILY = "1,2";
				TEST_TARGET_NAME = WeatherKitDemo;
			};
			name = Release;
		};
		62847FF82EF17A4F006537CC /* Debug */ = {
			isa = XCBuildConfiguration;
			buildSettings = {
				ASSETCATALOG_COMPILER_GLOBAL_ACCENT_COLOR_NAME = AccentColor;
				ASSETCATALOG_COMPILER_WIDGET_BACKGROUND_COLOR_NAME = WidgetBackground;
				CODE_SIGN_ENTITLEMENTS = RouteWeatherWidgetExtension.entitlements;
				CODE_SIGN_IDENTITY = "Apple Development";
				CODE_SIGN_STYLE = Automatic;
				CURRENT_PROJECT_VERSION = 1;
				DEVELOPMENT_TEAM = PVKFJ5KXUY;
				GENERATE_INFOPLIST_FILE = YES;
				INFOPLIST_FILE = RouteWeatherWidget/Info.plist;
				INFOPLIST_KEY_CFBundleDisplayName = RouteWeatherWidget;
				INFOPLIST_KEY_NSHumanReadableCopyright = "";
				LD_RUNPATH_SEARCH_PATHS = (
					"$(inherited)",
					"@executable_path/Frameworks",
					"@executable_path/../../Frameworks",
				);
				MARKETING_VERSION = 1.0;
				PRODUCT_BUNDLE_IDENTIFIER = net.insoc.WeatherKitDemo.RouteWeatherWidget;
				PRODUCT_NAME = "$(TARGET_NAME)";
				PROVISIONING_PROFILE_SPECIFIER = "";
				SKIP_INSTALL = YES;
				STRING_CATALOG_GENERATE_SYMBOLS = YES;
				SWIFT_APPROACHABLE_CONCURRENCY = YES;
				SWIFT_EMIT_LOC_STRINGS = YES;
				SWIFT_UPCOMING_FEATURE_MEMBER_IMPORT_VISIBILITY = YES;
				SWIFT_VERSION = 5.0;
				TARGETED_DEVICE_FAMILY = "1,2";
			};
			name = Debug;
		};
		62847FF92EF17A4F006537CC /* Release */ = {
			isa = XCBuildConfiguration;
			buildSettings = {
				ASSETCATALOG_COMPILER_GLOBAL_ACCENT_COLOR_NAME = AccentColor;
				ASSETCATALOG_COMPILER_WIDGET_BACKGROUND_COLOR_NAME = WidgetBackground;
				CODE_SIGN_ENTITLEMENTS = RouteWeatherWidgetExtension.entitlements;
				CODE_SIGN_IDENTITY = "Apple Development";
				CODE_SIGN_STYLE = Automatic;
				CURRENT_PROJECT_VERSION = 1;
				DEVELOPMENT_TEAM = PVKFJ5KXUY;
				GENERATE_INFOPLIST_FILE = YES;
				INFOPLIST_FILE = RouteWeatherWidget/Info.plist;
				INFOPLIST_KEY_CFBundleDisplayName = RouteWeatherWidget;
				INFOPLIST_KEY_NSHumanReadableCopyright = "";
				LD_RUNPATH_SEARCH_PATHS = (
					"$(inherited)",
					"@executable_path/Frameworks",
					"@executable_path/../../Frameworks",
				);
				MARKETING_VERSION = 1.0;
				PRODUCT_BUNDLE_IDENTIFIER = net.insoc.WeatherKitDemo.RouteWeatherWidget;
				PRODUCT_NAME = "$(TARGET_NAME)";
				PROVISIONING_PROFILE_SPECIFIER = "";
				SKIP_INSTALL = YES;
				STRING_CATALOG_GENERATE_SYMBOLS = YES;
				SWIFT_APPROACHABLE_CONCURRENCY = YES;
				SWIFT_EMIT_LOC_STRINGS = YES;
				SWIFT_UPCOMING_FEATURE_MEMBER_IMPORT_VISIBILITY = YES;
				SWIFT_VERSION = 5.0;
				TARGETED_DEVICE_FAMILY = "1,2";
			};
			name = Release;
		};
/* End XCBuildConfiguration section */

/* Begin XCConfigurationList section */
		621266702EF0BD610054C77D /* Build configuration list for PBXProject "WeatherKitDemo" */ = {
			isa = XCConfigurationList;
			buildConfigurations = (
				621266942EF0BD630054C77D /* Debug */,
				621266952EF0BD630054C77D /* Release */,
			);
			defaultConfigurationIsVisible = 0;
			defaultConfigurationName = Release;
		};
		621266962EF0BD630054C77D /* Build configuration list for PBXNativeTarget "WeatherKitDemo" */ = {
			isa = XCConfigurationList;
			buildConfigurations = (
				621266972EF0BD630054C77D /* Debug */,
				621266982EF0BD630054C77D /* Release */,
			);
			defaultConfigurationIsVisible = 0;
			defaultConfigurationName = Release;
		};
		621266992EF0BD630054C77D /* Build configuration list for PBXNativeTarget "WeatherKitDemoTests" */ = {
			isa = XCConfigurationList;
			buildConfigurations = (
				6212669A2EF0BD630054C77D /* Debug */,
				6212669B2EF0BD630054C77D /* Release */,
			);
			defaultConfigurationIsVisible = 0;
			defaultConfigurationName = Release;
		};
		6212669C2EF0BD630054C77D /* Build configuration list for PBXNativeTarget "WeatherKitDemoUITests" */ = {
			isa = XCConfigurationList;
			buildConfigurations = (
				6212669D2EF0BD630054C77D /* Debug */,
				6212669E2EF0BD630054C77D /* Release */,
			);
			defaultConfigurationIsVisible = 0;
			defaultConfigurationName = Release;
		};
		62847FFB2EF17A4F006537CC /* Build configuration list for PBXNativeTarget "RouteWeatherWidgetExtension" */ = {
			isa = XCConfigurationList;
			buildConfigurations = (
				62847FF82EF17A4F006537CC /* Debug */,
				62847FF92EF17A4F006537CC /* Release */,
			);
			defaultConfigurationIsVisible = 0;
			defaultConfigurationName = Release;
		};
/* End XCConfigurationList section */
	};
	rootObject = 6212666D2EF0BD610054C77D /* Project object */;
}
